// !$*UTF8*$!
{
	archiveVersion = 1;
	classes = {
	};
	objectVersion = 46;
	objects = {

/* Begin PBXBuildFile section */
		C46B0B991BD83F7B005DF5F0 /* AddViewController.swift in Sources */ = {isa = PBXBuildFile; fileRef = C46B0B981BD83F7B005DF5F0 /* AddViewController.swift */; settings = {ASSET_TAGS = (); }; };
		C47444831BC84E3300A0153C /* AppDelegate.swift in Sources */ = {isa = PBXBuildFile; fileRef = C47444821BC84E3300A0153C /* AppDelegate.swift */; };
		C47444851BC84E3300A0153C /* ViewController.swift in Sources */ = {isa = PBXBuildFile; fileRef = C47444841BC84E3300A0153C /* ViewController.swift */; };
		C47444881BC84E3300A0153C /* Main.storyboard in Resources */ = {isa = PBXBuildFile; fileRef = C47444861BC84E3300A0153C /* Main.storyboard */; };
		C474448A1BC84E3300A0153C /* Assets.xcassets in Resources */ = {isa = PBXBuildFile; fileRef = C47444891BC84E3300A0153C /* Assets.xcassets */; };
		C474448D1BC84E3300A0153C /* LaunchScreen.storyboard in Resources */ = {isa = PBXBuildFile; fileRef = C474448B1BC84E3300A0153C /* LaunchScreen.storyboard */; };
		C47444981BC84E3300A0153C /* Calender_AppTests.swift in Sources */ = {isa = PBXBuildFile; fileRef = C47444971BC84E3300A0153C /* Calender_AppTests.swift */; };
		C47444A31BC84E3300A0153C /* Calender_AppUITests.swift in Sources */ = {isa = PBXBuildFile; fileRef = C47444A21BC84E3300A0153C /* Calender_AppUITests.swift */; };
		C47444B31BC851D500A0153C /* CollectionViewCell.swift in Sources */ = {isa = PBXBuildFile; fileRef = C47444B21BC851D500A0153C /* CollectionViewCell.swift */; settings = {ASSET_TAGS = (); }; };
		C47444B51BC86F9400A0153C /* HeaderCollectionReusableView.swift in Sources */ = {isa = PBXBuildFile; fileRef = C47444B41BC86F9400A0153C /* HeaderCollectionReusableView.swift */; settings = {ASSET_TAGS = (); }; };
		C47444B71BCC109200A0153C /* DayCell.swift in Sources */ = {isa = PBXBuildFile; fileRef = C47444B61BCC109200A0153C /* DayCell.swift */; settings = {ASSET_TAGS = (); }; };
		C47444B91BCC10F400A0153C /* DayTableViewController.swift in Sources */ = {isa = PBXBuildFile; fileRef = C47444B81BCC10F400A0153C /* DayTableViewController.swift */; settings = {ASSET_TAGS = (); }; };
		C47444BB1BCC115300A0153C /* DayViewController.swift in Sources */ = {isa = PBXBuildFile; fileRef = C47444BA1BCC115300A0153C /* DayViewController.swift */; settings = {ASSET_TAGS = (); }; };
/* End PBXBuildFile section */

/* Begin PBXContainerItemProxy section */
		C47444941BC84E3300A0153C /* PBXContainerItemProxy */ = {
			isa = PBXContainerItemProxy;
			containerPortal = C47444771BC84E3300A0153C /* Project object */;
			proxyType = 1;
			remoteGlobalIDString = C474447E1BC84E3300A0153C;
			remoteInfo = "Calender App";
		};
		C474449F1BC84E3300A0153C /* PBXContainerItemProxy */ = {
			isa = PBXContainerItemProxy;
			containerPortal = C47444771BC84E3300A0153C /* Project object */;
			proxyType = 1;
			remoteGlobalIDString = C474447E1BC84E3300A0153C;
			remoteInfo = "Calender App";
		};
/* End PBXContainerItemProxy section */

/* Begin PBXFileReference section */
		C46B0B981BD83F7B005DF5F0 /* AddViewController.swift */ = {isa = PBXFileReference; fileEncoding = 4; lastKnownFileType = sourcecode.swift; path = AddViewController.swift; sourceTree = "<group>"; };
		C474447F1BC84E3300A0153C /* Calender App.app */ = {isa = PBXFileReference; explicitFileType = wrapper.application; includeInIndex = 0; path = "Calender App.app"; sourceTree = BUILT_PRODUCTS_DIR; };
		C47444821BC84E3300A0153C /* AppDelegate.swift */ = {isa = PBXFileReference; lastKnownFileType = sourcecode.swift; path = AppDelegate.swift; sourceTree = "<group>"; };
		C47444841BC84E3300A0153C /* ViewController.swift */ = {isa = PBXFileReference; lastKnownFileType = sourcecode.swift; path = ViewController.swift; sourceTree = "<group>"; };
		C47444871BC84E3300A0153C /* Base */ = {isa = PBXFileReference; lastKnownFileType = file.storyboard; name = Base; path = Base.lproj/Main.storyboard; sourceTree = "<group>"; };
		C47444891BC84E3300A0153C /* Assets.xcassets */ = {isa = PBXFileReference; lastKnownFileType = folder.assetcatalog; path = Assets.xcassets; sourceTree = "<group>"; };
		C474448C1BC84E3300A0153C /* Base */ = {isa = PBXFileReference; lastKnownFileType = file.storyboard; name = Base; path = Base.lproj/LaunchScreen.storyboard; sourceTree = "<group>"; };
		C474448E1BC84E3300A0153C /* Info.plist */ = {isa = PBXFileReference; lastKnownFileType = text.plist.xml; path = Info.plist; sourceTree = "<group>"; };
		C47444931BC84E3300A0153C /* Calender AppTests.xctest */ = {isa = PBXFileReference; explicitFileType = wrapper.cfbundle; includeInIndex = 0; path = "Calender AppTests.xctest"; sourceTree = BUILT_PRODUCTS_DIR; };
		C47444971BC84E3300A0153C /* Calender_AppTests.swift */ = {isa = PBXFileReference; lastKnownFileType = sourcecode.swift; path = Calender_AppTests.swift; sourceTree = "<group>"; };
		C47444991BC84E3300A0153C /* Info.plist */ = {isa = PBXFileReference; lastKnownFileType = text.plist.xml; path = Info.plist; sourceTree = "<group>"; };
		C474449E1BC84E3300A0153C /* Calender AppUITests.xctest */ = {isa = PBXFileReference; explicitFileType = wrapper.cfbundle; includeInIndex = 0; path = "Calender AppUITests.xctest"; sourceTree = BUILT_PRODUCTS_DIR; };
		C47444A21BC84E3300A0153C /* Calender_AppUITests.swift */ = {isa = PBXFileReference; lastKnownFileType = sourcecode.swift; path = Calender_AppUITests.swift; sourceTree = "<group>"; };
		C47444A41BC84E3300A0153C /* Info.plist */ = {isa = PBXFileReference; lastKnownFileType = text.plist.xml; path = Info.plist; sourceTree = "<group>"; };
		C47444B21BC851D500A0153C /* CollectionViewCell.swift */ = {isa = PBXFileReference; fileEncoding = 4; lastKnownFileType = sourcecode.swift; path = CollectionViewCell.swift; sourceTree = "<group>"; };
		C47444B41BC86F9400A0153C /* HeaderCollectionReusableView.swift */ = {isa = PBXFileReference; fileEncoding = 4; lastKnownFileType = sourcecode.swift; path = HeaderCollectionReusableView.swift; sourceTree = "<group>"; };
		C47444B61BCC109200A0153C /* DayCell.swift */ = {isa = PBXFileReference; fileEncoding = 4; lastKnownFileType = sourcecode.swift; path = DayCell.swift; sourceTree = "<group>"; };
		C47444B81BCC10F400A0153C /* DayTableViewController.swift */ = {isa = PBXFileReference; fileEncoding = 4; lastKnownFileType = sourcecode.swift; path = DayTableViewController.swift; sourceTree = "<group>"; };
		C47444BA1BCC115300A0153C /* DayViewController.swift */ = {isa = PBXFileReference; fileEncoding = 4; lastKnownFileType = sourcecode.swift; path = DayViewController.swift; sourceTree = "<group>"; };
/* End PBXFileReference section */

/* Begin PBXFrameworksBuildPhase section */
		C474447C1BC84E3300A0153C /* Frameworks */ = {
			isa = PBXFrameworksBuildPhase;
			buildActionMask = 2147483647;
			files = (
			);
			runOnlyForDeploymentPostprocessing = 0;
		};
		C47444901BC84E3300A0153C /* Frameworks */ = {
			isa = PBXFrameworksBuildPhase;
			buildActionMask = 2147483647;
			files = (
			);
			runOnlyForDeploymentPostprocessing = 0;
		};
		C474449B1BC84E3300A0153C /* Frameworks */ = {
			isa = PBXFrameworksBuildPhase;
			buildActionMask = 2147483647;
			files = (
			);
			runOnlyForDeploymentPostprocessing = 0;
		};
/* End PBXFrameworksBuildPhase section */

/* Begin PBXGroup section */
		C47444761BC84E3300A0153C = {
			isa = PBXGroup;
			children = (
				C46B0B981BD83F7B005DF5F0 /* AddViewController.swift */,
				C47444BA1BCC115300A0153C /* DayViewController.swift */,
				C47444811BC84E3300A0153C /* Calender App */,
				C47444961BC84E3300A0153C /* Calender AppTests */,
				C47444A11BC84E3300A0153C /* Calender AppUITests */,
				C47444801BC84E3300A0153C /* Products */,
			);
			sourceTree = "<group>";
		};
		C47444801BC84E3300A0153C /* Products */ = {
			isa = PBXGroup;
			children = (
				C474447F1BC84E3300A0153C /* Calender App.app */,
				C47444931BC84E3300A0153C /* Calender AppTests.xctest */,
				C474449E1BC84E3300A0153C /* Calender AppUITests.xctest */,
			);
			name = Products;
			sourceTree = "<group>";
		};
		C47444811BC84E3300A0153C /* Calender App */ = {
			isa = PBXGroup;
			children = (
				C47444821BC84E3300A0153C /* AppDelegate.swift */,
				C47444841BC84E3300A0153C /* ViewController.swift */,
				C47444B41BC86F9400A0153C /* HeaderCollectionReusableView.swift */,
				C47444861BC84E3300A0153C /* Main.storyboard */,
				C47444B81BCC10F400A0153C /* DayTableViewController.swift */,
				C47444B61BCC109200A0153C /* DayCell.swift */,
				C47444B21BC851D500A0153C /* CollectionViewCell.swift */,
				C47444891BC84E3300A0153C /* Assets.xcassets */,
				C474448B1BC84E3300A0153C /* LaunchScreen.storyboard */,
				C474448E1BC84E3300A0153C /* Info.plist */,
			);
			path = "Calender App";
			sourceTree = "<group>";
		};
		C47444961BC84E3300A0153C /* Calender AppTests */ = {
			isa = PBXGroup;
			children = (
				C47444971BC84E3300A0153C /* Calender_AppTests.swift */,
				C47444991BC84E3300A0153C /* Info.plist */,
			);
			path = "Calender AppTests";
			sourceTree = "<group>";
		};
		C47444A11BC84E3300A0153C /* Calender AppUITests */ = {
			isa = PBXGroup;
			children = (
				C47444A21BC84E3300A0153C /* Calender_AppUITests.swift */,
				C47444A41BC84E3300A0153C /* Info.plist */,
			);
			path = "Calender AppUITests";
			sourceTree = "<group>";
		};
/* End PBXGroup section */

/* Begin PBXNativeTarget section */
		C474447E1BC84E3300A0153C /* Calender App */ = {
			isa = PBXNativeTarget;
			buildConfigurationList = C47444A71BC84E3300A0153C /* Build configuration list for PBXNativeTarget "Calender App" */;
			buildPhases = (
				C474447B1BC84E3300A0153C /* Sources */,
				C474447C1BC84E3300A0153C /* Frameworks */,
				C474447D1BC84E3300A0153C /* Resources */,
			);
			buildRules = (
			);
			dependencies = (
			);
			name = "Calender App";
			productName = "Calender App";
			productReference = C474447F1BC84E3300A0153C /* Calender App.app */;
			productType = "com.apple.product-type.application";
		};
		C47444921BC84E3300A0153C /* Calender AppTests */ = {
			isa = PBXNativeTarget;
			buildConfigurationList = C47444AA1BC84E3300A0153C /* Build configuration list for PBXNativeTarget "Calender AppTests" */;
			buildPhases = (
				C474448F1BC84E3300A0153C /* Sources */,
				C47444901BC84E3300A0153C /* Frameworks */,
				C47444911BC84E3300A0153C /* Resources */,
			);
			buildRules = (
			);
			dependencies = (
				C47444951BC84E3300A0153C /* PBXTargetDependency */,
			);
			name = "Calender AppTests";
			productName = "Calender AppTests";
			productReference = C47444931BC84E3300A0153C /* Calender AppTests.xctest */;
			productType = "com.apple.product-type.bundle.unit-test";
		};
		C474449D1BC84E3300A0153C /* Calender AppUITests */ = {
			isa = PBXNativeTarget;
			buildConfigurationList = C47444AD1BC84E3300A0153C /* Build configuration list for PBXNativeTarget "Calender AppUITests" */;
			buildPhases = (
				C474449A1BC84E3300A0153C /* Sources */,
				C474449B1BC84E3300A0153C /* Frameworks */,
				C474449C1BC84E3300A0153C /* Resources */,
			);
			buildRules = (
			);
			dependencies = (
				C47444A01BC84E3300A0153C /* PBXTargetDependency */,
			);
			name = "Calender AppUITests";
			productName = "Calender AppUITests";
			productReference = C474449E1BC84E3300A0153C /* Calender AppUITests.xctest */;
			productType = "com.apple.product-type.bundle.ui-testing";
		};
/* End PBXNativeTarget section */

/* Begin PBXProject section */
		C47444771BC84E3300A0153C /* Project object */ = {
			isa = PBXProject;
			attributes = {
				LastUpgradeCheck = 0700;
				ORGANIZATIONNAME = dtfdev;
				TargetAttributes = {
					C474447E1BC84E3300A0153C = {
						CreatedOnToolsVersion = 7.0.1;
					};
					C47444921BC84E3300A0153C = {
						CreatedOnToolsVersion = 7.0.1;
						TestTargetID = C474447E1BC84E3300A0153C;
					};
					C474449D1BC84E3300A0153C = {
						CreatedOnToolsVersion = 7.0.1;
						TestTargetID = C474447E1BC84E3300A0153C;
					};
				};
			};
			buildConfigurationList = C474447A1BC84E3300A0153C /* Build configuration list for PBXProject "Calender App" */;
			compatibilityVersion = "Xcode 3.2";
			developmentRegion = English;
			hasScannedForEncodings = 0;
			knownRegions = (
				en,
				Base,
			);
			mainGroup = C47444761BC84E3300A0153C;
			productRefGroup = C47444801BC84E3300A0153C /* Products */;
			projectDirPath = "";
			projectRoot = "";
			targets = (
				C474447E1BC84E3300A0153C /* Calender App */,
				C47444921BC84E3300A0153C /* Calender AppTests */,
				C474449D1BC84E3300A0153C /* Calender AppUITests */,
			);
		};
/* End PBXProject section */

/* Begin PBXResourcesBuildPhase section */
		C474447D1BC84E3300A0153C /* Resources */ = {
			isa = PBXResourcesBuildPhase;
			buildActionMask = 2147483647;
			files = (
				C474448D1BC84E3300A0153C /* LaunchScreen.storyboard in Resources */,
				C474448A1BC84E3300A0153C /* Assets.xcassets in Resources */,
				C47444881BC84E3300A0153C /* Main.storyboard in Resources */,
			);
			runOnlyForDeploymentPostprocessing = 0;
		};
		C47444911BC84E3300A0153C /* Resources */ = {
			isa = PBXResourcesBuildPhase;
			buildActionMask = 2147483647;
			files = (
			);
			runOnlyForDeploymentPostprocessing = 0;
		};
		C474449C1BC84E3300A0153C /* Resources */ = {
			isa = PBXResourcesBuildPhase;
			buildActionMask = 2147483647;
			files = (
			);
			runOnlyForDeploymentPostprocessing = 0;
		};
/* End PBXResourcesBuildPhase section */

/* Begin PBXSourcesBuildPhase section */
		C474447B1BC84E3300A0153C /* Sources */ = {
			isa = PBXSourcesBuildPhase;
			buildActionMask = 2147483647;
			files = (
				C47444851BC84E3300A0153C /* ViewController.swift in Sources */,
				C47444B31BC851D500A0153C /* CollectionViewCell.swift in Sources */,
				C46B0B991BD83F7B005DF5F0 /* AddViewController.swift in Sources */,
				C47444B51BC86F9400A0153C /* HeaderCollectionReusableView.swift in Sources */,
				C47444B91BCC10F400A0153C /* DayTableViewController.swift in Sources */,
				C47444B71BCC109200A0153C /* DayCell.swift in Sources */,
				C47444BB1BCC115300A0153C /* DayViewController.swift in Sources */,
				C47444831BC84E3300A0153C /* AppDelegate.swift in Sources */,
			);
			runOnlyForDeploymentPostprocessing = 0;
		};
		C474448F1BC84E3300A0153C /* Sources */ = {
			isa = PBXSourcesBuildPhase;
			buildActionMask = 2147483647;
			files = (
				C47444981BC84E3300A0153C /* Calender_AppTests.swift in Sources */,
			);
			runOnlyForDeploymentPostprocessing = 0;
		};
		C474449A1BC84E3300A0153C /* Sources */ = {
			isa = PBXSourcesBuildPhase;
			buildActionMask = 2147483647;
			files = (
				C47444A31BC84E3300A0153C /* Calender_AppUITests.swift in Sources */,
			);
			runOnlyForDeploymentPostprocessing = 0;
		};
/* End PBXSourcesBuildPhase section */

/* Begin PBXTargetDependency section */
		C47444951BC84E3300A0153C /* PBXTargetDependency */ = {
			isa = PBXTargetDependency;
			target = C474447E1BC84E3300A0153C /* Calender App */;
			targetProxy = C47444941BC84E3300A0153C /* PBXContainerItemProxy */;
		};
		C47444A01BC84E3300A0153C /* PBXTargetDependency */ = {
			isa = PBXTargetDependency;
			target = C474447E1BC84E3300A0153C /* Calender App */;
			targetProxy = C474449F1BC84E3300A0153C /* PBXContainerItemProxy */;
		};
/* End PBXTargetDependency section */

/* Begin PBXVariantGroup section */
		C47444861BC84E3300A0153C /* Main.storyboard */ = {
			isa = PBXVariantGroup;
			children = (
				C47444871BC84E3300A0153C /* Base */,
			);
			name = Main.storyboard;
			sourceTree = "<group>";
		};
		C474448B1BC84E3300A0153C /* LaunchScreen.storyboard */ = {
			isa = PBXVariantGroup;
			children = (
				C474448C1BC84E3300A0153C /* Base */,
			);
			name = LaunchScreen.storyboard;
			sourceTree = "<group>";
		};
/* End PBXVariantGroup section */

/* Begin XCBuildConfiguration section */
		C47444A51BC84E3300A0153C /* Debug */ = {
			isa = XCBuildConfiguration;
			buildSettings = {
				ALWAYS_SEARCH_USER_PATHS = NO;
				CLANG_CXX_LANGUAGE_STANDARD = "gnu++0x";
				CLANG_CXX_LIBRARY = "libc++";
				CLANG_ENABLE_MODULES = YES;
				CLANG_ENABLE_OBJC_ARC = YES;
				CLANG_WARN_BOOL_CONVERSION = YES;
				CLANG_WARN_CONSTANT_CONVERSION = YES;
				CLANG_WARN_DIRECT_OBJC_ISA_USAGE = YES_ERROR;
				CLANG_WARN_EMPTY_BODY = YES;
				CLANG_WARN_ENUM_CONVERSION = YES;
				CLANG_WARN_INT_CONVERSION = YES;
				CLANG_WARN_OBJC_ROOT_CLASS = YES_ERROR;
				CLANG_WARN_UNREACHABLE_CODE = YES;
				CLANG_WARN__DUPLICATE_METHOD_MATCH = YES;
				"CODE_SIGN_IDENTITY[sdk=iphoneos*]" = "iPhone Developer";
				COPY_PHASE_STRIP = NO;
				DEBUG_INFORMATION_FORMAT = dwarf;
				ENABLE_STRICT_OBJC_MSGSEND = YES;
				ENABLE_TESTABILITY = YES;
				GCC_C_LANGUAGE_STANDARD = gnu99;
				GCC_DYNAMIC_NO_PIC = NO;
				GCC_NO_COMMON_BLOCKS = YES;
				GCC_OPTIMIZATION_LEVEL = 0;
				GCC_PREPROCESSOR_DEFINITIONS = (
					"DEBUG=1",
					"$(inherited)",
				);
				GCC_WARN_64_TO_32_BIT_CONVERSION = YES;
				GCC_WARN_ABOUT_RETURN_TYPE = YES_ERROR;
				GCC_WARN_UNDECLARED_SELECTOR = YES;
				GCC_WARN_UNINITIALIZED_AUTOS = YES_AGGRESSIVE;
				GCC_WARN_UNUSED_FUNCTION = YES;
				GCC_WARN_UNUSED_VARIABLE = YES;
				IPHONEOS_DEPLOYMENT_TARGET = 9.0;
				MTL_ENABLE_DEBUG_INFO = YES;
				ONLY_ACTIVE_ARCH = YES;
				SDKROOT = iphoneos;
				SWIFT_OPTIMIZATION_LEVEL = "-Onone";
			};
			name = Debug;
		};
		C47444A61BC84E3300A0153C /* Release */ = {
			isa = XCBuildConfiguration;
			buildSettings = {
				ALWAYS_SEARCH_USER_PATHS = NO;
				CLANG_CXX_LANGUAGE_STANDARD = "gnu++0x";
				CLANG_CXX_LIBRARY = "libc++";
				CLANG_ENABLE_MODULES = YES;
				CLANG_ENABLE_OBJC_ARC = YES;
				CLANG_WARN_BOOL_CONVERSION = YES;
				CLANG_WARN_CONSTANT_CONVERSION = YES;
				CLANG_WARN_DIRECT_OBJC_ISA_USAGE = YES_ERROR;
				CLANG_WARN_EMPTY_BODY = YES;
				CLANG_WARN_ENUM_CONVERSION = YES;
				CLANG_WARN_INT_CONVERSION = YES;
				CLANG_WARN_OBJC_ROOT_CLASS = YES_ERROR;
				CLANG_WARN_UNREACHABLE_CODE = YES;
				CLANG_WARN__DUPLICATE_METHOD_MATCH = YES;
				"CODE_SIGN_IDENTITY[sdk=iphoneos*]" = "iPhone Developer";
				COPY_PHASE_STRIP = NO;
				DEBUG_INFORMATION_FORMAT = "dwarf-with-dsym";
				ENABLE_NS_ASSERTIONS = NO;
				ENABLE_STRICT_OBJC_MSGSEND = YES;
				GCC_C_LANGUAGE_STANDARD = gnu99;
				GCC_NO_COMMON_BLOCKS = YES;
				GCC_WARN_64_TO_32_BIT_CONVERSION = YES;
				GCC_WARN_ABOUT_RETURN_TYPE = YES_ERROR;
				GCC_WARN_UNDECLARED_SELECTOR = YES;
				GCC_WARN_UNINITIALIZED_AUTOS = YES_AGGRESSIVE;
				GCC_WARN_UNUSED_FUNCTION = YES;
				GCC_WARN_UNUSED_VARIABLE = YES;
				IPHONEOS_DEPLOYMENT_TARGET = 9.0;
				MTL_ENABLE_DEBUG_INFO = NO;
				SDKROOT = iphoneos;
				VALIDATE_PRODUCT = YES;
			};
			name = Release;
		};
		C47444A81BC84E3300A0153C /* Debug */ = {
			isa = XCBuildConfiguration;
			buildSettings = {
				ASSETCATALOG_COMPILER_APPICON_NAME = AppIcon;
				INFOPLIST_FILE = "Calender App/Info.plist";
				LD_RUNPATH_SEARCH_PATHS = "$(inherited) @executable_path/Frameworks";
				PRODUCT_BUNDLE_IDENTIFIER = "com.dtfdev.Calender-App";
				PRODUCT_NAME = "$(TARGET_NAME)";
			};
			name = Debug;
		};
		C47444A91BC84E3300A0153C /* Release */ = {
			isa = XCBuildConfiguration;
			buildSettings = {
				ASSETCATALOG_COMPILER_APPICON_NAME = AppIcon;
				INFOPLIST_FILE = "Calender App/Info.plist";
				LD_RUNPATH_SEARCH_PATHS = "$(inherited) @executable_path/Frameworks";
				PRODUCT_BUNDLE_IDENTIFIER = "com.dtfdev.Calender-App";
				PRODUCT_NAME = "$(TARGET_NAME)";
			};
			name = Release;
		};
		C47444AB1BC84E3300A0153C /* Debug */ = {
			isa = XCBuildConfiguration;
			buildSettings = {
				BUNDLE_LOADER = "$(TEST_HOST)";
				INFOPLIST_FILE = "Calender AppTests/Info.plist";
				LD_RUNPATH_SEARCH_PATHS = "$(inherited) @executable_path/Frameworks @loader_path/Frameworks";
				PRODUCT_BUNDLE_IDENTIFIER = "com.dtfdev.Calender-AppTests";
				PRODUCT_NAME = "$(TARGET_NAME)";
				TEST_HOST = "$(BUILT_PRODUCTS_DIR)/Calender App.app/Calender App";
			};
			name = Debug;
		};
		C47444AC1BC84E3300A0153C /* Release */ = {
			isa = XCBuildConfiguration;
			buildSettings = {
				BUNDLE_LOADER = "$(TEST_HOST)";
				INFOPLIST_FILE = "Calender AppTests/Info.plist";
				LD_RUNPATH_SEARCH_PATHS = "$(inherited) @executable_path/Frameworks @loader_path/Frameworks";
				PRODUCT_BUNDLE_IDENTIFIER = "com.dtfdev.Calender-AppTests";
				PRODUCT_NAME = "$(TARGET_NAME)";
				TEST_HOST = "$(BUILT_PRODUCTS_DIR)/Calender App.app/Calender App";
			};
			name = Release;
		};
		C47444AE1BC84E3300A0153C /* Debug */ = {
			isa = XCBuildConfiguration;
			buildSettings = {
				INFOPLIST_FILE = "Calender AppUITests/Info.plist";
				LD_RUNPATH_SEARCH_PATHS = "$(inherited) @executable_path/Frameworks @loader_path/Frameworks";
				PRODUCT_BUNDLE_IDENTIFIER = "com.dtfdev.Calender-AppUITests";
				PRODUCT_NAME = "$(TARGET_NAME)";
				TEST_TARGET_NAME = "Calender App";
				USES_XCTRUNNER = YES;
			};
			name = Debug;
		};
		C47444AF1BC84E3300A0153C /* Release */ = {
			isa = XCBuildConfiguration;
			buildSettings = {
				INFOPLIST_FILE = "Calender AppUITests/Info.plist";
				LD_RUNPATH_SEARCH_PATHS = "$(inherited) @executable_path/Frameworks @loader_path/Frameworks";
				PRODUCT_BUNDLE_IDENTIFIER = "com.dtfdev.Calender-AppUITests";
				PRODUCT_NAME = "$(TARGET_NAME)";
				TEST_TARGET_NAME = "Calender App";
				USES_XCTRUNNER = YES;
			};
			name = Release;
		};
/* End XCBuildConfiguration section */

/* Begin XCConfigurationList section */
		C474447A1BC84E3300A0153C /* Build configuration list for PBXProject "Calender App" */ = {
			isa = XCConfigurationList;
			buildConfigurations = (
				C47444A51BC84E3300A0153C /* Debug */,
				C47444A61BC84E3300A0153C /* Release */,
			);
			defaultConfigurationIsVisible = 0;
			defaultConfigurationName = Release;
		};
		C47444A71BC84E3300A0153C /* Build configuration list for PBXNativeTarget "Calender App" */ = {
			isa = XCConfigurationList;
			buildConfigurations = (
				C47444A81BC84E3300A0153C /* Debug */,
				C47444A91BC84E3300A0153C /* Release */,
			);
			defaultConfigurationIsVisible = 0;
			defaultConfigurationName = Release;
		};
		C47444AA1BC84E3300A0153C /* Build configuration list for PBXNativeTarget "Calender AppTests" */ = {
			isa = XCConfigurationList;
			buildConfigurations = (
				C47444AB1BC84E3300A0153C /* Debug */,
				C47444AC1BC84E3300A0153C /* Release */,
			);
			defaultConfigurationIsVisible = 0;
			defaultConfigurationName = Release;
		};
		C47444AD1BC84E3300A0153C /* Build configuration list for PBXNativeTarget "Calender AppUITests" */ = {
			isa = XCConfigurationList;
			buildConfigurations = (
				C47444AE1BC84E3300A0153C /* Debug */,
				C47444AF1BC84E3300A0153C /* Release */,
			);
			defaultConfigurationIsVisible = 0;
			defaultConfigurationName = Release;
		};
/* End XCConfigurationList section */
	};
	rootObject = C47444771BC84E3300A0153C /* Project object */;
}
